
Microsoft Visual Studio Solution File, Format Version 12.00
# Visual Studio Version 17
VisualStudioVersion = 17.3.32825.248
MinimumVisualStudioVersion = 10.0.40219.1
Project("{FAE04EC0-301F-11D3-BF4B-00C04F79EFBC}") = "WpfCustomUserControlWithParamsDemo", "WpfCustomUserControlWithParamsDemo\WpfCustomUserControlWithParamsDemo.csproj", "{5CBAA50C-97B2-4B2B-8697-CB4FD0F6E258}"
EndProject
Global
	GlobalSection(SolutionConfigurationPlatforms) = preSolution
		Debug|Any CPU = Debug|Any CPU
		Release|Any CPU = Release|Any CPU
	EndGlobalSection
	GlobalSection(ProjectConfigurationPlatforms) = postSolution
		{5CBAA50C-97B2-4B2B-8697-CB4FD0F6E258}.Debug|Any CPU.ActiveCfg = Debug|Any CPU
		{5CBAA50C-97B2-4B2B-8697-CB4FD0F6E258}.Debug|Any CPU.Build.0 = Debug|Any CPU
		{5CBAA50C-97B2-4B2B-8697-CB4FD0F6E258}.Release|Any CPU.ActiveCfg = Release|Any CPU
		{5CBAA50C-97B2-4B2B-8697-CB4FD0F6E258}.Release|Any CPU.Build.0 = Release|Any CPU
	EndGlobalSection
	GlobalSection(SolutionProperties) = preSolution
		HideSolutionNode = FALSE
	EndGlobalSection
	GlobalSection(ExtensibilityGlobals) = postSolution
		SolutionGuid = {7F8E61E9-7FC6-4C0D-98C6-00CB5921A952}
	EndGlobalSection
EndGlobal
